<?xml version="1.0" encoding="utf-8"?>
<Project ToolsVersion="4.0" xmlns="http://schemas.microsoft.com/developer/msbuild/2003">
  <ItemGroup>
    <Filter Include="Source Files">
      <UniqueIdentifier>{f902b733-4492-4934-98f3-a9fceb1e2f3d}</UniqueIdentifier>
      <Extensions>cpp;c;cxx;def;odl;idl;hpj;bat;asm</Extensions>
    </Filter>
    <Filter Include="Header Files">
      <UniqueIdentifier>{a357df89-0609-4415-8127-278a5d8179a7}</UniqueIdentifier>
      <Extensions>h;hpp;hxx;hm;inl;inc</Extensions>
    </Filter>
    <Filter Include="Resource Files">
      <UniqueIdentifier>{43edfff6-a200-4b64-874b-de34eb9b9905}</UniqueIdentifier>
      <Extensions>rc;ico;cur;bmp;dlg;rc2;rct;bin;rgs;jpg;jpeg;jpe;manifest</Extensions>
    </Filter>
  </ItemGroup>
  <ItemGroup>
    <ClCompile Include="stdafx.cpp">
      <Filter>Source Files</Filter>
    </ClCompile>
    <ClCompile Include="SynClip.cpp">
      <Filter>Source Files</Filter>
    </ClCompile>
  </ItemGroup>
  <ItemGroup>
    <ClInclude Include="stdafx.h">
      <Filter>Header Files</Filter>
    </ClInclude>
    <ClInclude Include="resource.h">
      <Filter>Header Files</Filter>
    </ClInclude>
    <ClInclude Include="MainFrm.h">
      <Filter>Header Files</Filter>
    </ClInclude>
    <ClInclude Include="TaskBarIcon.h">
      <Filter>Header Files</Filter>
    </ClInclude>
    <ClInclude Include="ClipboardMonitor.h">
      <Filter>Header Files</Filter>
    </ClInclude>
    <ClInclude Include="PathMonitor.h">
      <Filter>Header Files</Filter>
    </ClInclude>
    <ClInclude Include="atlwfile.h">
      <Filter>Header Files</Filter>
    </ClInclude>
    <ClInclude Include="ClipboardFile.h">
      <Filter>Header Files</Filter>
    </ClInclude>
    <ClInclude Include="SettingsFile.h">
      <Filter>Header Files</Filter>
    </ClInclude>
    <ClInclude Include="FileInspector.h">
      <Filter>Header Files</Filter>
    </ClInclude>
    <ClInclude Include="Ini.h">
      <Filter>Header Files</Filter>
    </ClInclude>
    <ClInclude Include="Settings.h">
      <Filter>Header Files</Filter>
    </ClInclude>
  </ItemGroup>
  <ItemGroup>
    <ResourceCompile Include="SynClip.rc">
      <Filter>Resource Files</Filter>
    </ResourceCompile>
  </ItemGroup>
  <ItemGroup>
    <Image Include="res\SynClip.ico">
      <Filter>Resource Files</Filter>
    </Image>
  </ItemGroup>
</Project>